
Microsoft Visual Studio Solution File, Format Version 12.00
# Visual Studio Version 16
VisualStudioVersion = 16.0.30523.141
MinimumVisualStudioVersion = 10.0.40219.1
Project("{9A19103F-16F7-4668-BE54-9A1E7A4F7556}") = "hello-world", "hello-world.csproj", "{CF75FE8A-AFC8-492F-ADF7-2B5C6876D189}"
EndProject
Global
	GlobalSection(SolutionConfigurationPlatforms) = preSolution
		Debug|Any CPU = Debug|Any CPU
		Release|Any CPU = Release|Any CPU
	EndGlobalSection
	GlobalSection(ProjectConfigurationPlatforms) = postSolution
		{CF75FE8A-AFC8-492F-ADF7-2B5C6876D189}.Debug|Any CPU.ActiveCfg = Debug|Any CPU
		{CF75FE8A-AFC8-492F-ADF7-2B5C6876D189}.Debug|Any CPU.Build.0 = Debug|Any CPU
		{CF75FE8A-AFC8-492F-ADF7-2B5C6876D189}.Release|Any CPU.ActiveCfg = Release|Any CPU
		{CF75FE8A-AFC8-492F-ADF7-2B5C6876D189}.Release|Any CPU.Build.0 = Release|Any CPU
	EndGlobalSection
	GlobalSection(SolutionProperties) = preSolution
		HideSolutionNode = FALSE
	EndGlobalSection
	GlobalSection(ExtensibilityGlobals) = postSolution
		SolutionGuid = {068BEAEC-DDD4-4E8C-9594-A32A5AFBC0C0}
	EndGlobalSection
EndGlobal
